
Microsoft Visual Studio Solution File, Format Version 12.00
# Visual Studio Version 17
VisualStudioVersion = 17.3.32901.215
MinimumVisualStudioVersion = 10.0.40219.1
Project("{8BC9CEB8-8B4A-11D0-8D11-00A0C91BC942}") = "Flames", "Flames.vcxproj", "{D8F36184-C14B-4DA8-A995-B8AB5D57628F}"
EndProject
Global
	GlobalSection(SolutionConfigurationPlatforms) = preSolution
		Debug|x64 = Debug|x64
		Debug|x86 = Debug|x86
		Release|x64 = Release|x64
		Release|x86 = Release|x86
	EndGlobalSection
	GlobalSection(ProjectConfigurationPlatforms) = postSolution
		{D8F36184-C14B-4DA8-A995-B8AB5D57628F}.Debug|x64.ActiveCfg = Debug|x64
		{D8F36184-C14B-4DA8-A995-B8AB5D57628F}.Debug|x64.Build.0 = Debug|x64
		{D8F36184-C14B-4DA8-A995-B8AB5D57628F}.Debug|x86.ActiveCfg = Debug|Win32
		{D8F36184-C14B-4DA8-A995-B8AB5D57628F}.Debug|x86.Build.0 = Debug|Win32
		{D8F36184-C14B-4DA8-A995-B8AB5D57628F}.Release|x64.ActiveCfg = Release|x64
		{D8F36184-C14B-4DA8-A995-B8AB5D57628F}.Release|x64.Build.0 = Release|x64
		{D8F36184-C14B-4DA8-A995-B8AB5D57628F}.Release|x86.ActiveCfg = Release|Win32
		{D8F36184-C14B-4DA8-A995-B8AB5D57628F}.Release|x86.Build.0 = Release|Win32
	EndGlobalSection
	GlobalSection(SolutionProperties) = preSolution
		HideSolutionNode = FALSE
	EndGlobalSection
	GlobalSection(ExtensibilityGlobals) = postSolution
		SolutionGuid = {04E3F513-BB9C-42D0-AAFF-581B9C5245A1}
	EndGlobalSection
EndGlobal
